PODS:
  - PKHUD (5.3.0)
  - ReactorKit (2.0.1):
    - RxSwift (~> 5.0)
  - Realm (3.21.0):
    - Realm/Headers (= 3.21.0)
  - Realm/Headers (3.21.0)
  - RealmSwift (3.21.0):
    - Realm (= 3.21.0)
  - RxCocoa (5.0.1):
    - RxRelay (~> 5)
    - RxSwift (~> 5)
  - RxRealm (1.0.0):
    - RealmSwift (~> 3.14)
    - RxSwift (~> 5.0)
  - RxRelay (5.0.1):
    - RxSwift (~> 5)
  - RxSwift (5.0.1)
  - Then (2.6.0)
  - URLNavigator (2.2.0)

DEPENDENCIES:
  - PKHUD (~> 5.3)
  - ReactorKit (~> 2.0)
  - RealmSwift (~> 3.20)
  - RxCocoa (~> 5.0)
  - RxRealm (~> 1.0)
  - RxSwift (~> 5.0)
  - Then (~> 2.6)
  - URLNavigator (~> 2.2)

SPEC REPOS:
  trunk:
    - PKHUD
    - ReactorKit
    - Realm
    - RealmSwift
    - RxCocoa
    - RxRealm
    - RxRelay
    - RxSwift
    - Then
    - URLNavigator

SPEC CHECKSUMS:
  PKHUD: 98f3e4bc904b9c916f1c5bb6d765365b5357291b
  ReactorKit: a63c5e11e0fd32d59d672e54178b0ed2876b764b
  Realm: 38e9dcb19104b58407167d99f70d4995f7c16023
  RealmSwift: 3183cc1ad48378fbcd634311b22c0e6c44021152
  RxCocoa: e741b9749968e8a143e2b787f1dfbff2b63d0a5c
  RxRealm: 1e81dcfca1fb50c3e9b3e1f8102bc875c5156a2e
  RxRelay: 89d54507f4fd4d969e6ec1d4bd7f3673640b4640
  RxSwift: e2dc62b366a3adf6a0be44ba9f405efd4c94e0c4
  Then: 90cd104fd951cec1980a03f57704ad8f784d4d79
  URLNavigator: 0bffc3efdeb2d97f7b5eec7ac82d290f4a099431

PODFILE CHECKSUM: c0f093a729b3a362bf7409c1e216970e345ceaf1

COCOAPODS: 1.8.4
